
Microsoft Visual Studio Solution File, Format Version 12.00
# Visual Studio 2013
VisualStudioVersion = 12.0.30501.0
MinimumVisualStudioVersion = 10.0.40219.1
Project("{8BC9CEB8-8B4A-11D0-8D11-00A0C91BC942}") = "DoubleFileScanner", "DoubleFileScanner.vcxproj", "{1F2F5657-68CC-4A78-A900-1929DDE3713F}"
EndProject
Global
	GlobalSection(SolutionConfigurationPlatforms) = preSolution
		Debug|Win32 = Debug|Win32
		Release_Static|Win32 = Release_Static|Win32
		Release|Win32 = Release|Win32
	EndGlobalSection
	GlobalSection(ProjectConfigurationPlatforms) = postSolution
		{1F2F5657-68CC-4A78-A900-1929DDE3713F}.Debug|Win32.ActiveCfg = Debug|Win32
		{1F2F5657-68CC-4A78-A900-1929DDE3713F}.Debug|Win32.Build.0 = Debug|Win32
		{1F2F5657-68CC-4A78-A900-1929DDE3713F}.Release_Static|Win32.ActiveCfg = Release_Static|Win32
		{1F2F5657-68CC-4A78-A900-1929DDE3713F}.Release_Static|Win32.Build.0 = Release_Static|Win32
		{1F2F5657-68CC-4A78-A900-1929DDE3713F}.Release|Win32.ActiveCfg = Release|Win32
		{1F2F5657-68CC-4A78-A900-1929DDE3713F}.Release|Win32.Build.0 = Release|Win32
	EndGlobalSection
	GlobalSection(SolutionProperties) = preSolution
		HideSolutionNode = FALSE
	EndGlobalSection
EndGlobal
