<?xml version="1.0" encoding="utf-8"?>
<Project ToolsVersion="4.0" xmlns="http://schemas.microsoft.com/developer/msbuild/2003">
  <ItemGroup>
    <Filter Include="Source Files">
      <UniqueIdentifier>{4FC737F1-C7A5-4376-A066-2A32D752A2FF}</UniqueIdentifier>
      <Extensions>cpp;c;cc;cxx;def;odl;idl;hpj;bat;asm;asmx</Extensions>
    </Filter>
    <Filter Include="Header Files">
      <UniqueIdentifier>{93995380-89BD-4b04-88EB-625FBE52EBFB}</UniqueIdentifier>
      <Extensions>h;hh;hpp;hxx;hm;inl;inc;xsd</Extensions>
    </Filter>
    <Filter Include="Resource Files">
      <UniqueIdentifier>{67DA6AB6-F800-4c08-8B7A-83BB121AAD01}</UniqueIdentifier>
      <Extensions>rc;ico;cur;bmp;dlg;rc2;rct;bin;rgs;gif;jpg;jpeg;jpe;resx;tiff;tif;png;wav;mfcribbon-ms</Extensions>
    </Filter>
    <Filter Include="Dialogs">
      <UniqueIdentifier>{c742c16f-33e0-4762-8ef4-59c3b45e1bb8}</UniqueIdentifier>
    </Filter>
    <Filter Include="Source Files\Third-Party">
      <UniqueIdentifier>{363b2cf8-3b3e-46f9-8367-9c211503c1f5}</UniqueIdentifier>
    </Filter>
    <Filter Include="Source Files\Generated">
      <UniqueIdentifier>{37daafb0-55f1-4bb0-9a08-6f81e6d3ed76}</UniqueIdentifier>
    </Filter>
    <Filter Include="Source Files\Generated\MOC">
      <UniqueIdentifier>{bcb9ef9d-13cb-4d08-9d79-5b8bb08c4e48}</UniqueIdentifier>
    </Filter>
    <Filter Include="Source Files\Generated\RCC">
      <UniqueIdentifier>{a77e9f3e-2ca7-4bc8-ae33-f264316ee29f}</UniqueIdentifier>
    </Filter>
  </ItemGroup>
  <ItemGroup>
    <ClCompile Include="src\Main.cpp">
      <Filter>Source Files</Filter>
    </ClCompile>
    <ClCompile Include="src\System.cpp">
      <Filter>Source Files</Filter>
    </ClCompile>
    <ClCompile Include="tmp\Common\rcc\RCC_DoubleFileScanner.cpp">
      <Filter>Source Files\Generated\RCC</Filter>
    </ClCompile>
    <ClCompile Include="src\Config.cpp">
      <Filter>Source Files</Filter>
    </ClCompile>
    <ClCompile Include="src\Window_Main.cpp">
      <Filter>Source Files</Filter>
    </ClCompile>
    <ClCompile Include="src\Thread_DirectoryScanner.cpp">
      <Filter>Source Files</Filter>
    </ClCompile>
    <ClCompile Include="src\Thread_FileComparator.cpp">
      <Filter>Source Files</Filter>
    </ClCompile>
    <ClCompile Include="tmp\Common\moc\MOC_Thread_FileComparator.cpp">
      <Filter>Source Files\Generated\MOC</Filter>
    </ClCompile>
    <ClCompile Include="tmp\Common\moc\MOC_Window_Main.cpp">
      <Filter>Source Files\Generated\MOC</Filter>
    </ClCompile>
    <ClCompile Include="tmp\Common\moc\MOC_Thread_DirectoryScanner.cpp">
      <Filter>Source Files\Generated\MOC</Filter>
    </ClCompile>
    <ClCompile Include="src\extra\qtmain_win.cpp">
      <Filter>Source Files\Third-Party</Filter>
    </ClCompile>
    <ClCompile Include="src\Model_Duplicates.cpp">
      <Filter>Source Files</Filter>
    </ClCompile>
    <ClCompile Include="tmp\Common\moc\MOC_Model_Duplicates.cpp">
      <Filter>Source Files\Generated\MOC</Filter>
    </ClCompile>
    <ClCompile Include="tmp\Common\moc\MOC_Window_Directories.cpp">
      <Filter>Source Files\Generated\MOC</Filter>
    </ClCompile>
    <ClCompile Include="src\Window_Directories.cpp">
      <Filter>Source Files</Filter>
    </ClCompile>
  </ItemGroup>
  <ItemGroup>
    <ClInclude Include="src\System.h">
      <Filter>Header Files</Filter>
    </ClInclude>
    <ClInclude Include="src\Config.h">
      <Filter>Header Files</Filter>
    </ClInclude>
    <ClInclude Include="src\Resource.h">
      <Filter>Header Files</Filter>
    </ClInclude>
    <ClInclude Include="src\Version.h">
      <Filter>Header Files</Filter>
    </ClInclude>
    <ClInclude Include="src\Window_Directories.h">
      <Filter>Header Files</Filter>
    </ClInclude>
  </ItemGroup>
  <ItemGroup>
    <CustomBuild Include="DoubleFileScanner.qrc">
      <Filter>Resource Files</Filter>
    </CustomBuild>
    <CustomBuild Include="src\Thread_DirectoryScanner.h">
      <Filter>Header Files</Filter>
    </CustomBuild>
    <CustomBuild Include="src\Thread_FileComparator.h">
      <Filter>Header Files</Filter>
    </CustomBuild>
    <CustomBuild Include="gui\Window_Main.ui">
      <Filter>Dialogs</Filter>
    </CustomBuild>
    <CustomBuild Include="src\Window_Main.h">
      <Filter>Header Files</Filter>
    </CustomBuild>
    <CustomBuild Include="src\Model_Duplicates.h">
      <Filter>Header Files</Filter>
    </CustomBuild>
  </ItemGroup>
  <ItemGroup>
    <ResourceCompile Include="DoubleFileScanner.rcx">
      <Filter>Resource Files</Filter>
    </ResourceCompile>
  </ItemGroup>
  <ItemGroup>
    <None Include="gui\Window_Directories.ui">
      <Filter>Dialogs</Filter>
    </None>
  </ItemGroup>
</Project>